# This file was autogenerated by Juvix version 0.6.6.
# Do not edit this file manually.

version: 2
checksum: 482a0fe29717b973340a241106e2515a8f4be691fd92adecaf577399760adb5d
dependencies:
- git:
    name: anoma_juvix-stdlib
    ref: 37d3dd74b78f0ec0c48c8adc44f5b99c6d068464
    url: https://github.com/anoma/juvix-stdlib
  dependencies: []
