# This file was autogenerated by Juvix version 0.6.6.
# Do not edit this file manually.

version: 2
checksum: 227d9dc541b5bcd6f56ac9f4a5782a60ddb6a5017a6ca6d4fd19a31990285ca4
dependencies:
- git:
    name: anoma_juvix-stdlib
    ref: 37d3dd74b78f0ec0c48c8adc44f5b99c6d068464
    url: https://github.com/anoma/juvix-stdlib
  dependencies: []
